# This file is automatically @generated by Cargo.
# It is not intended for manual editing.
[[package]]
name = "futures"
version = "0.1.26"
source = "registry+https://github.com/rust-lang/crates.io-index"

[[package]]
name = "futures-promises"
version = "0.1.6"
dependencies = [
 "futures 0.1.26 (registry+https://github.com/rust-lang/crates.io-index)",
]

[metadata]
"checksum futures 0.1.26 (registry+https://github.com/rust-lang/crates.io-index)" = "62941eff9507c8177d448bd83a44d9b9760856e184081d8cd79ba9f03dd24981"
